
Microsoft Visual Studio Solution File, Format Version 12.00
# Visual Studio Version 17
VisualStudioVersion = 17.9.34902.65
MinimumVisualStudioVersion = 10.0.40219.1
Project("{FAE04EC0-301F-11D3-BF4B-00C04F79EFBC}") = "CheckDigitForLuhnAlgorithm", "CheckDigitForLuhnAlgorithm\CheckDigitForLuhnAlgorithm.csproj", "{964763D7-8CA9-427A-8A61-418E7A08FE01}"
EndProject
Global
	GlobalSection(SolutionConfigurationPlatforms) = preSolution
		Debug|Any CPU = Debug|Any CPU
		Release|Any CPU = Release|Any CPU
	EndGlobalSection
	GlobalSection(ProjectConfigurationPlatforms) = postSolution
		{964763D7-8CA9-427A-8A61-418E7A08FE01}.Debug|Any CPU.ActiveCfg = Debug|Any CPU
		{964763D7-8CA9-427A-8A61-418E7A08FE01}.Debug|Any CPU.Build.0 = Debug|Any CPU
		{964763D7-8CA9-427A-8A61-418E7A08FE01}.Release|Any CPU.ActiveCfg = Release|Any CPU
		{964763D7-8CA9-427A-8A61-418E7A08FE01}.Release|Any CPU.Build.0 = Release|Any CPU
	EndGlobalSection
	GlobalSection(SolutionProperties) = preSolution
		HideSolutionNode = FALSE
	EndGlobalSection
	GlobalSection(ExtensibilityGlobals) = postSolution
		SolutionGuid = {030A6746-91A9-4938-AE99-730FF12D2DA4}
	EndGlobalSection
EndGlobal
